[[package]]
name = "colorama"
version = "0.4.5"
description = "Cross-platform colored terminal text."
category = "main"
optional = false
python-versions = ">=2.7, !=3.0.*, !=3.1.*, !=3.2.*, !=3.3.*, !=3.4.*"

[[package]]
name = "dataclass-csv"
version = "1.4.0"
description = "Map CSV data into dataclasses"
category = "main"
optional = false
python-versions = "*"

[metadata]
lock-version = "1.1"
python-versions = "^3.9"
content-hash = "92ed36875de587f714c4d32fde109236f656c49a140ca1bda3b1ee7c1d48fc7c"

[metadata.files]
colorama = [
    {file = "colorama-0.4.5-py2.py3-none-any.whl", hash = "sha256:854bf444933e37f5824ae7bfc1e98d5bce2ebe4160d46b5edf346a89358e99da"},
    {file = "colorama-0.4.5.tar.gz", hash = "sha256:e6c6b4334fc50988a639d9b98aa429a0b57da6e17b9a44f0451f930b6967b7a4"},
]
dataclass-csv = [
    {file = "dataclass-csv-1.4.0.tar.gz", hash = "sha256:6a9207537ccdc3f381d50c3f5d053ce5a92ef0d61850f7a159e3f52eb79f0402"},
    {file = "dataclass_csv-1.4.0-py2.py3-none-any.whl", hash = "sha256:e01e99fa75779bb86ae3b9577a06ffc8632061c03115d6a0823137458bfa3d1c"},
]
